
Microsoft Visual Studio Solution File, Format Version 12.00
# Visual Studio Version 17
VisualStudioVersion = 17.0.32014.148
MinimumVisualStudioVersion = 10.0.40219.1
Project("{FAE04EC0-301F-11D3-BF4B-00C04F79EFBC}") = "Word_puzzle", "Word_puzzle\Word_puzzle.csproj", "{CDDD6E63-E940-4842-8EB3-3151D29973BA}"
EndProject
Global
	GlobalSection(SolutionConfigurationPlatforms) = preSolution
		Debug|Any CPU = Debug|Any CPU
		Release|Any CPU = Release|Any CPU
	EndGlobalSection
	GlobalSection(ProjectConfigurationPlatforms) = postSolution
		{CDDD6E63-E940-4842-8EB3-3151D29973BA}.Debug|Any CPU.ActiveCfg = Debug|Any CPU
		{CDDD6E63-E940-4842-8EB3-3151D29973BA}.Debug|Any CPU.Build.0 = Debug|Any CPU
		{CDDD6E63-E940-4842-8EB3-3151D29973BA}.Release|Any CPU.ActiveCfg = Release|Any CPU
		{CDDD6E63-E940-4842-8EB3-3151D29973BA}.Release|Any CPU.Build.0 = Release|Any CPU
	EndGlobalSection
	GlobalSection(SolutionProperties) = preSolution
		HideSolutionNode = FALSE
	EndGlobalSection
	GlobalSection(ExtensibilityGlobals) = postSolution
		SolutionGuid = {C4DCC164-510A-4E5C-AFA1-88F76713286E}
	EndGlobalSection
EndGlobal
